
Microsoft Visual Studio Solution File, Format Version 11.00
# Visual Studio 2010
Project("{FAE04EC0-301F-11D3-BF4B-00C04F79EFBC}") = "Daemaged.ManagedHell", "Daemaged.ManagedHell\Daemaged.ManagedHell.csproj", "{C857DE21-EFDD-4ACD-A18B-DB9B6E61E9AB}"
EndProject
Project("{FAE04EC0-301F-11D3-BF4B-00C04F79EFBC}") = "Daemaged.ManagedHell.Demo", "Daemaged.ManagedHell.Demo\Daemaged.ManagedHell.Demo.csproj", "{D437CFC2-D3AE-4222-B06B-AC7019C292AF}"
EndProject
Global
	GlobalSection(SolutionConfigurationPlatforms) = preSolution
		Debug|Any CPU = Debug|Any CPU
		Release|Any CPU = Release|Any CPU
	EndGlobalSection
	GlobalSection(ProjectConfigurationPlatforms) = postSolution
		{C857DE21-EFDD-4ACD-A18B-DB9B6E61E9AB}.Debug|Any CPU.ActiveCfg = Debug|Any CPU
		{C857DE21-EFDD-4ACD-A18B-DB9B6E61E9AB}.Debug|Any CPU.Build.0 = Debug|Any CPU
		{C857DE21-EFDD-4ACD-A18B-DB9B6E61E9AB}.Release|Any CPU.ActiveCfg = Release|Any CPU
		{C857DE21-EFDD-4ACD-A18B-DB9B6E61E9AB}.Release|Any CPU.Build.0 = Release|Any CPU
		{D437CFC2-D3AE-4222-B06B-AC7019C292AF}.Debug|Any CPU.ActiveCfg = Debug|Any CPU
		{D437CFC2-D3AE-4222-B06B-AC7019C292AF}.Debug|Any CPU.Build.0 = Debug|Any CPU
		{D437CFC2-D3AE-4222-B06B-AC7019C292AF}.Release|Any CPU.ActiveCfg = Release|Any CPU
		{D437CFC2-D3AE-4222-B06B-AC7019C292AF}.Release|Any CPU.Build.0 = Release|Any CPU
	EndGlobalSection
	GlobalSection(SolutionProperties) = preSolution
		HideSolutionNode = FALSE
	EndGlobalSection
EndGlobal
