
Microsoft Visual Studio Solution File, Format Version 11.00
# Visual Studio 2010
Project("{FAE04EC0-301F-11D3-BF4B-00C04F79EFBC}") = "ManagedHell", "ManagedHell\ManagedHell.csproj", "{C857DE21-EFDD-4ACD-A18B-DB9B6E61E9AB}"
EndProject
Project("{FAE04EC0-301F-11D3-BF4B-00C04F79EFBC}") = "ManagedHell.Demo", "ManagedHell.Demo\ManagedHell.Demo.csproj", "{D437CFC2-D3AE-4222-B06B-AC7019C292AF}"
EndProject
Global
	GlobalSection(SolutionConfigurationPlatforms) = preSolution
		Debug|Any CPU = Debug|Any CPU
		Debug|Mixed Platforms = Debug|Mixed Platforms
		Debug|x86 = Debug|x86
		Release|Any CPU = Release|Any CPU
		Release|Mixed Platforms = Release|Mixed Platforms
		Release|x86 = Release|x86
	EndGlobalSection
	GlobalSection(ProjectConfigurationPlatforms) = postSolution
		{C857DE21-EFDD-4ACD-A18B-DB9B6E61E9AB}.Debug|Any CPU.ActiveCfg = Debug|Any CPU
		{C857DE21-EFDD-4ACD-A18B-DB9B6E61E9AB}.Debug|Any CPU.Build.0 = Debug|Any CPU
		{C857DE21-EFDD-4ACD-A18B-DB9B6E61E9AB}.Debug|Mixed Platforms.ActiveCfg = Debug|Any CPU
		{C857DE21-EFDD-4ACD-A18B-DB9B6E61E9AB}.Debug|Mixed Platforms.Build.0 = Debug|Any CPU
		{C857DE21-EFDD-4ACD-A18B-DB9B6E61E9AB}.Debug|x86.ActiveCfg = Debug|Any CPU
		{C857DE21-EFDD-4ACD-A18B-DB9B6E61E9AB}.Release|Any CPU.ActiveCfg = Release|Any CPU
		{C857DE21-EFDD-4ACD-A18B-DB9B6E61E9AB}.Release|Any CPU.Build.0 = Release|Any CPU
		{C857DE21-EFDD-4ACD-A18B-DB9B6E61E9AB}.Release|Mixed Platforms.ActiveCfg = Release|Any CPU
		{C857DE21-EFDD-4ACD-A18B-DB9B6E61E9AB}.Release|Mixed Platforms.Build.0 = Release|Any CPU
		{C857DE21-EFDD-4ACD-A18B-DB9B6E61E9AB}.Release|x86.ActiveCfg = Release|Any CPU
		{D437CFC2-D3AE-4222-B06B-AC7019C292AF}.Debug|Any CPU.ActiveCfg = Debug|x86
		{D437CFC2-D3AE-4222-B06B-AC7019C292AF}.Debug|Mixed Platforms.ActiveCfg = Debug|x86
		{D437CFC2-D3AE-4222-B06B-AC7019C292AF}.Debug|Mixed Platforms.Build.0 = Debug|x86
		{D437CFC2-D3AE-4222-B06B-AC7019C292AF}.Debug|x86.ActiveCfg = Debug|x86
		{D437CFC2-D3AE-4222-B06B-AC7019C292AF}.Debug|x86.Build.0 = Debug|x86
		{D437CFC2-D3AE-4222-B06B-AC7019C292AF}.Release|Any CPU.ActiveCfg = Release|x86
		{D437CFC2-D3AE-4222-B06B-AC7019C292AF}.Release|Mixed Platforms.ActiveCfg = Release|x86
		{D437CFC2-D3AE-4222-B06B-AC7019C292AF}.Release|Mixed Platforms.Build.0 = Release|x86
		{D437CFC2-D3AE-4222-B06B-AC7019C292AF}.Release|x86.ActiveCfg = Release|x86
		{D437CFC2-D3AE-4222-B06B-AC7019C292AF}.Release|x86.Build.0 = Release|x86
	EndGlobalSection
	GlobalSection(SolutionProperties) = preSolution
		HideSolutionNode = FALSE
	EndGlobalSection
EndGlobal
